
Microsoft Visual Studio Solution File, Format Version 12.00
# Visual Studio 15
VisualStudioVersion = 15.0.26730.10
MinimumVisualStudioVersion = 10.0.40219.1
Project("{FAE04EC0-301F-11D3-BF4B-00C04F79EFBC}") = "DependencyInjection", "DependencyInjection\DependencyInjection.csproj", "{A5D0BCC8-5361-4667-B913-EE6DECDCB2A6}"
EndProject
Global
	GlobalSection(SolutionConfigurationPlatforms) = preSolution
		Debug|Any CPU = Debug|Any CPU
		Release|Any CPU = Release|Any CPU
	EndGlobalSection
	GlobalSection(ProjectConfigurationPlatforms) = postSolution
		{A5D0BCC8-5361-4667-B913-EE6DECDCB2A6}.Debug|Any CPU.ActiveCfg = Debug|Any CPU
		{A5D0BCC8-5361-4667-B913-EE6DECDCB2A6}.Debug|Any CPU.Build.0 = Debug|Any CPU
		{A5D0BCC8-5361-4667-B913-EE6DECDCB2A6}.Release|Any CPU.ActiveCfg = Release|Any CPU
		{A5D0BCC8-5361-4667-B913-EE6DECDCB2A6}.Release|Any CPU.Build.0 = Release|Any CPU
	EndGlobalSection
	GlobalSection(SolutionProperties) = preSolution
		HideSolutionNode = FALSE
	EndGlobalSection
	GlobalSection(ExtensibilityGlobals) = postSolution
		SolutionGuid = {6E82BD4D-7FAF-4233-B122-94E667B166F1}
	EndGlobalSection
EndGlobal
